
Microsoft Visual Studio Solution File, Format Version 12.00
# Visual Studio 15
VisualStudioVersion = 15.0.27703.2035
MinimumVisualStudioVersion = 10.0.40219.1
Project("{FAE04EC0-301F-11D3-BF4B-00C04F79EFBC}") = "MetricFlow.DesktopClient", "MetricFlow.DesktopClient\MetricFlow.DesktopClient.csproj", "{DD3745A3-5D0E-42B5-8AFB-E86532414CE4}"
EndProject
Global
	GlobalSection(SolutionConfigurationPlatforms) = preSolution
		Debug|Any CPU = Debug|Any CPU
		Release|Any CPU = Release|Any CPU
	EndGlobalSection
	GlobalSection(ProjectConfigurationPlatforms) = postSolution
		{DD3745A3-5D0E-42B5-8AFB-E86532414CE4}.Debug|Any CPU.ActiveCfg = Debug|Any CPU
		{DD3745A3-5D0E-42B5-8AFB-E86532414CE4}.Debug|Any CPU.Build.0 = Debug|Any CPU
		{DD3745A3-5D0E-42B5-8AFB-E86532414CE4}.Release|Any CPU.ActiveCfg = Release|Any CPU
		{DD3745A3-5D0E-42B5-8AFB-E86532414CE4}.Release|Any CPU.Build.0 = Release|Any CPU
	EndGlobalSection
	GlobalSection(SolutionProperties) = preSolution
		HideSolutionNode = FALSE
	EndGlobalSection
	GlobalSection(ExtensibilityGlobals) = postSolution
		SolutionGuid = {DD616EDB-E261-4704-999E-C9C45C586077}
	EndGlobalSection
EndGlobal
